
Microsoft Visual Studio Solution File, Format Version 12.00
# Visual Studio Version 16
VisualStudioVersion = 16.0.32602.291
MinimumVisualStudioVersion = 10.0.40219.1
Project("{FAE04EC0-301F-11D3-BF4B-00C04F79EFBC}") = "UserData", "UserData\UserData.csproj", "{8851EE3A-7A22-4A8E-B6E8-C7CCC91473AF}"
EndProject
Global
	GlobalSection(SolutionConfigurationPlatforms) = preSolution
		Debug|Any CPU = Debug|Any CPU
		Release|Any CPU = Release|Any CPU
	EndGlobalSection
	GlobalSection(ProjectConfigurationPlatforms) = postSolution
		{8851EE3A-7A22-4A8E-B6E8-C7CCC91473AF}.Debug|Any CPU.ActiveCfg = Debug|Any CPU
		{8851EE3A-7A22-4A8E-B6E8-C7CCC91473AF}.Debug|Any CPU.Build.0 = Debug|Any CPU
		{8851EE3A-7A22-4A8E-B6E8-C7CCC91473AF}.Release|Any CPU.ActiveCfg = Release|Any CPU
		{8851EE3A-7A22-4A8E-B6E8-C7CCC91473AF}.Release|Any CPU.Build.0 = Release|Any CPU
	EndGlobalSection
	GlobalSection(SolutionProperties) = preSolution
		HideSolutionNode = FALSE
	EndGlobalSection
	GlobalSection(ExtensibilityGlobals) = postSolution
		SolutionGuid = {3FB2C54B-83F5-434E-A6AB-39F160B43E5F}
	EndGlobalSection
EndGlobal
